
Microsoft Visual Studio Solution File, Format Version 12.00
# TcXaeShell Solution File, Format Version 11.00
VisualStudioVersion = 15.0.35826.109
MinimumVisualStudioVersion = 10.0.40219.1
Project("{B1E792BE-AA5F-4E3C-8C82-674BF9C0715B}") = "HP003", "HP003_PLC\HP003.tsproj", "{536BC6CC-A6B4-40CE-A2B1-3DA60EA7AF63}"
EndProject
Global
	GlobalSection(SolutionConfigurationPlatforms) = preSolution
		Debug|TwinCAT CE7 (ARMV7) = Debug|TwinCAT CE7 (ARMV7)
		Debug|TwinCAT HMI = Debug|TwinCAT HMI
		Debug|TwinCAT OS (ARMT2) = Debug|TwinCAT OS (ARMT2)
		Debug|TwinCAT RT (x64) = Debug|TwinCAT RT (x64)
		Debug|TwinCAT RT (x86) = Debug|TwinCAT RT (x86)
		Release|TwinCAT CE7 (ARMV7) = Release|TwinCAT CE7 (ARMV7)
		Release|TwinCAT HMI = Release|TwinCAT HMI
		Release|TwinCAT OS (ARMT2) = Release|TwinCAT OS (ARMT2)
		Release|TwinCAT RT (x64) = Release|TwinCAT RT (x64)
		Release|TwinCAT RT (x86) = Release|TwinCAT RT (x86)
	EndGlobalSection
	GlobalSection(ProjectConfigurationPlatforms) = postSolution
		{536BC6CC-A6B4-40CE-A2B1-3DA60EA7AF63}.Debug|TwinCAT CE7 (ARMV7).ActiveCfg = Debug|TwinCAT CE7 (ARMV7)
		{536BC6CC-A6B4-40CE-A2B1-3DA60EA7AF63}.Debug|TwinCAT CE7 (ARMV7).Build.0 = Debug|TwinCAT CE7 (ARMV7)
		{536BC6CC-A6B4-40CE-A2B1-3DA60EA7AF63}.Debug|TwinCAT HMI.ActiveCfg = Debug|TwinCAT OS (ARMT2)
		{536BC6CC-A6B4-40CE-A2B1-3DA60EA7AF63}.Debug|TwinCAT OS (ARMT2).ActiveCfg = Debug|TwinCAT OS (ARMT2)
		{536BC6CC-A6B4-40CE-A2B1-3DA60EA7AF63}.Debug|TwinCAT OS (ARMT2).Build.0 = Debug|TwinCAT OS (ARMT2)
		{536BC6CC-A6B4-40CE-A2B1-3DA60EA7AF63}.Debug|TwinCAT RT (x64).ActiveCfg = Debug|TwinCAT RT (x64)
		{536BC6CC-A6B4-40CE-A2B1-3DA60EA7AF63}.Debug|TwinCAT RT (x64).Build.0 = Debug|TwinCAT RT (x64)
		{536BC6CC-A6B4-40CE-A2B1-3DA60EA7AF63}.Debug|TwinCAT RT (x86).ActiveCfg = Debug|TwinCAT RT (x86)
		{536BC6CC-A6B4-40CE-A2B1-3DA60EA7AF63}.Debug|TwinCAT RT (x86).Build.0 = Debug|TwinCAT RT (x86)
		{536BC6CC-A6B4-40CE-A2B1-3DA60EA7AF63}.Release|TwinCAT CE7 (ARMV7).ActiveCfg = Release|TwinCAT CE7 (ARMV7)
		{536BC6CC-A6B4-40CE-A2B1-3DA60EA7AF63}.Release|TwinCAT CE7 (ARMV7).Build.0 = Release|TwinCAT CE7 (ARMV7)
		{536BC6CC-A6B4-40CE-A2B1-3DA60EA7AF63}.Release|TwinCAT HMI.ActiveCfg = Release|TwinCAT OS (ARMT2)
		{536BC6CC-A6B4-40CE-A2B1-3DA60EA7AF63}.Release|TwinCAT OS (ARMT2).ActiveCfg = Release|TwinCAT OS (ARMT2)
		{536BC6CC-A6B4-40CE-A2B1-3DA60EA7AF63}.Release|TwinCAT OS (ARMT2).Build.0 = Release|TwinCAT OS (ARMT2)
		{536BC6CC-A6B4-40CE-A2B1-3DA60EA7AF63}.Release|TwinCAT RT (x64).ActiveCfg = Release|TwinCAT RT (x64)
		{536BC6CC-A6B4-40CE-A2B1-3DA60EA7AF63}.Release|TwinCAT RT (x64).Build.0 = Release|TwinCAT RT (x64)
		{536BC6CC-A6B4-40CE-A2B1-3DA60EA7AF63}.Release|TwinCAT RT (x86).ActiveCfg = Release|TwinCAT RT (x86)
		{536BC6CC-A6B4-40CE-A2B1-3DA60EA7AF63}.Release|TwinCAT RT (x86).Build.0 = Release|TwinCAT RT (x86)
		{596ECAB5-0B2F-4E7C-B383-C29045CC84ED}.Debug|TwinCAT CE7 (ARMV7).ActiveCfg = Debug|TwinCAT CE7 (ARMV7)
		{596ECAB5-0B2F-4E7C-B383-C29045CC84ED}.Debug|TwinCAT CE7 (ARMV7).Build.0 = Debug|TwinCAT CE7 (ARMV7)
		{596ECAB5-0B2F-4E7C-B383-C29045CC84ED}.Debug|TwinCAT HMI.ActiveCfg = Debug|TwinCAT OS (ARMT2)
		{596ECAB5-0B2F-4E7C-B383-C29045CC84ED}.Debug|TwinCAT OS (ARMT2).ActiveCfg = Debug|TwinCAT OS (ARMT2)
		{596ECAB5-0B2F-4E7C-B383-C29045CC84ED}.Debug|TwinCAT OS (ARMT2).Build.0 = Debug|TwinCAT OS (ARMT2)
		{596ECAB5-0B2F-4E7C-B383-C29045CC84ED}.Debug|TwinCAT RT (x64).ActiveCfg = Debug|TwinCAT RT (x64)
		{596ECAB5-0B2F-4E7C-B383-C29045CC84ED}.Debug|TwinCAT RT (x64).Build.0 = Debug|TwinCAT RT (x64)
		{596ECAB5-0B2F-4E7C-B383-C29045CC84ED}.Debug|TwinCAT RT (x86).ActiveCfg = Debug|TwinCAT RT (x86)
		{596ECAB5-0B2F-4E7C-B383-C29045CC84ED}.Debug|TwinCAT RT (x86).Build.0 = Debug|TwinCAT RT (x86)
		{596ECAB5-0B2F-4E7C-B383-C29045CC84ED}.Release|TwinCAT CE7 (ARMV7).ActiveCfg = Release|TwinCAT CE7 (ARMV7)
		{596ECAB5-0B2F-4E7C-B383-C29045CC84ED}.Release|TwinCAT CE7 (ARMV7).Build.0 = Release|TwinCAT CE7 (ARMV7)
		{596ECAB5-0B2F-4E7C-B383-C29045CC84ED}.Release|TwinCAT HMI.ActiveCfg = Release|TwinCAT OS (ARMT2)
		{596ECAB5-0B2F-4E7C-B383-C29045CC84ED}.Release|TwinCAT OS (ARMT2).ActiveCfg = Release|TwinCAT OS (ARMT2)
		{596ECAB5-0B2F-4E7C-B383-C29045CC84ED}.Release|TwinCAT OS (ARMT2).Build.0 = Release|TwinCAT OS (ARMT2)
		{596ECAB5-0B2F-4E7C-B383-C29045CC84ED}.Release|TwinCAT RT (x64).ActiveCfg = Release|TwinCAT RT (x64)
		{596ECAB5-0B2F-4E7C-B383-C29045CC84ED}.Release|TwinCAT RT (x64).Build.0 = Release|TwinCAT RT (x64)
		{596ECAB5-0B2F-4E7C-B383-C29045CC84ED}.Release|TwinCAT RT (x86).ActiveCfg = Release|TwinCAT RT (x86)
		{596ECAB5-0B2F-4E7C-B383-C29045CC84ED}.Release|TwinCAT RT (x86).Build.0 = Release|TwinCAT RT (x86)
		{7354F57F-F7D4-4039-9A70-47C7EEFC1ABB}.Debug|TwinCAT CE7 (ARMV7).ActiveCfg = Debug|TwinCAT CE7 (ARMV7)
		{7354F57F-F7D4-4039-9A70-47C7EEFC1ABB}.Debug|TwinCAT CE7 (ARMV7).Build.0 = Debug|TwinCAT CE7 (ARMV7)
		{7354F57F-F7D4-4039-9A70-47C7EEFC1ABB}.Debug|TwinCAT HMI.ActiveCfg = Debug|TwinCAT OS (ARMT2)
		{7354F57F-F7D4-4039-9A70-47C7EEFC1ABB}.Debug|TwinCAT OS (ARMT2).ActiveCfg = Debug|TwinCAT OS (ARMT2)
		{7354F57F-F7D4-4039-9A70-47C7EEFC1ABB}.Debug|TwinCAT OS (ARMT2).Build.0 = Debug|TwinCAT OS (ARMT2)
		{7354F57F-F7D4-4039-9A70-47C7EEFC1ABB}.Debug|TwinCAT RT (x64).ActiveCfg = Debug|TwinCAT RT (x64)
		{7354F57F-F7D4-4039-9A70-47C7EEFC1ABB}.Debug|TwinCAT RT (x64).Build.0 = Debug|TwinCAT RT (x64)
		{7354F57F-F7D4-4039-9A70-47C7EEFC1ABB}.Debug|TwinCAT RT (x86).ActiveCfg = Debug|TwinCAT RT (x86)
		{7354F57F-F7D4-4039-9A70-47C7EEFC1ABB}.Debug|TwinCAT RT (x86).Build.0 = Debug|TwinCAT RT (x86)
		{7354F57F-F7D4-4039-9A70-47C7EEFC1ABB}.Release|TwinCAT CE7 (ARMV7).ActiveCfg = Release|TwinCAT CE7 (ARMV7)
		{7354F57F-F7D4-4039-9A70-47C7EEFC1ABB}.Release|TwinCAT CE7 (ARMV7).Build.0 = Release|TwinCAT CE7 (ARMV7)
		{7354F57F-F7D4-4039-9A70-47C7EEFC1ABB}.Release|TwinCAT HMI.ActiveCfg = Release|TwinCAT OS (ARMT2)
		{7354F57F-F7D4-4039-9A70-47C7EEFC1ABB}.Release|TwinCAT OS (ARMT2).ActiveCfg = Release|TwinCAT OS (ARMT2)
		{7354F57F-F7D4-4039-9A70-47C7EEFC1ABB}.Release|TwinCAT OS (ARMT2).Build.0 = Release|TwinCAT OS (ARMT2)
		{7354F57F-F7D4-4039-9A70-47C7EEFC1ABB}.Release|TwinCAT RT (x64).ActiveCfg = Release|TwinCAT RT (x64)
		{7354F57F-F7D4-4039-9A70-47C7EEFC1ABB}.Release|TwinCAT RT (x64).Build.0 = Release|TwinCAT RT (x64)
		{7354F57F-F7D4-4039-9A70-47C7EEFC1ABB}.Release|TwinCAT RT (x86).ActiveCfg = Release|TwinCAT RT (x86)
		{7354F57F-F7D4-4039-9A70-47C7EEFC1ABB}.Release|TwinCAT RT (x86).Build.0 = Release|TwinCAT RT (x86)
	EndGlobalSection
	GlobalSection(SolutionProperties) = preSolution
		HideSolutionNode = FALSE
	EndGlobalSection
	GlobalSection(ExtensibilityGlobals) = postSolution
		SolutionGuid = {109BEF22-7CF7-4F2F-9EAC-E110145A1FC6}
	EndGlobalSection
EndGlobal
